
Microsoft Visual Studio Solution File, Format Version 12.00
# Visual Studio Version 17
VisualStudioVersion = 17.8.34525.116
MinimumVisualStudioVersion = 10.0.40219.1
Project("{FAE04EC0-301F-11D3-BF4B-00C04F79EFBC}") = "task7new", "task7new\task7new.csproj", "{76F66139-D1F4-4895-8FAE-59B9A5F3B255}"
EndProject
Global
	GlobalSection(SolutionConfigurationPlatforms) = preSolution
		Debug|Any CPU = Debug|Any CPU
		Release|Any CPU = Release|Any CPU
	EndGlobalSection
	GlobalSection(ProjectConfigurationPlatforms) = postSolution
		{76F66139-D1F4-4895-8FAE-59B9A5F3B255}.Debug|Any CPU.ActiveCfg = Debug|Any CPU
		{76F66139-D1F4-4895-8FAE-59B9A5F3B255}.Debug|Any CPU.Build.0 = Debug|Any CPU
		{76F66139-D1F4-4895-8FAE-59B9A5F3B255}.Release|Any CPU.ActiveCfg = Release|Any CPU
		{76F66139-D1F4-4895-8FAE-59B9A5F3B255}.Release|Any CPU.Build.0 = Release|Any CPU
	EndGlobalSection
	GlobalSection(SolutionProperties) = preSolution
		HideSolutionNode = FALSE
	EndGlobalSection
	GlobalSection(ExtensibilityGlobals) = postSolution
		SolutionGuid = {6F4182B0-86AB-443C-9F5F-C85BFDF1667D}
	EndGlobalSection
EndGlobal
